// !$*UTF8*$!
{
	archiveVersion = 1;
	classes = {
	};
	objectVersion = 52;
	objects = {

/* Begin PBXBuildFile section */
		368F950E2608528200542560 /* AppDelegate.swift in Sources */ = {isa = PBXBuildFile; fileRef = 368F950D2608528200542560 /* AppDelegate.swift */; };
		368F95102608528200542560 /* SceneDelegate.swift in Sources */ = {isa = PBXBuildFile; fileRef = 368F950F2608528200542560 /* SceneDelegate.swift */; };
		368F95122608528200542560 /* ViewController.swift in Sources */ = {isa = PBXBuildFile; fileRef = 368F95112608528200542560 /* ViewController.swift */; };
		368F95182608528200542560 /* Map.xcdatamodeld in Sources */ = {isa = PBXBuildFile; fileRef = 368F95162608528200542560 /* Map.xcdatamodeld */; };
		368F951A2608528400542560 /* Assets.xcassets in Resources */ = {isa = PBXBuildFile; fileRef = 368F95192608528400542560 /* Assets.xcassets */; };
		368F951D2608528400542560 /* LaunchScreen.storyboard in Resources */ = {isa = PBXBuildFile; fileRef = 368F951B2608528400542560 /* LaunchScreen.storyboard */; };
		368F952C260852E500542560 /* MainViewModel.swift in Sources */ = {isa = PBXBuildFile; fileRef = 368F952B260852E500542560 /* MainViewModel.swift */; };
		368F95302608536C00542560 /* MainModel.swift in Sources */ = {isa = PBXBuildFile; fileRef = 368F952F2608536C00542560 /* MainModel.swift */; };
		368F9535260859DA00542560 /* SnapKit in Frameworks */ = {isa = PBXBuildFile; productRef = 368F9534260859DA00542560 /* SnapKit */; };
		368F953826085B7500542560 /* MainView.swift in Sources */ = {isa = PBXBuildFile; fileRef = 368F953726085B7500542560 /* MainView.swift */; };
		368F953C2608618300542560 /* Button.swift in Sources */ = {isa = PBXBuildFile; fileRef = 368F953B2608618300542560 /* Button.swift */; };
		368F955B2608934100542560 /* CityViewController.swift in Sources */ = {isa = PBXBuildFile; fileRef = 368F955A2608934100542560 /* CityViewController.swift */; };
		368F955E2608950500542560 /* CityView.swift in Sources */ = {isa = PBXBuildFile; fileRef = 368F955D2608950500542560 /* CityView.swift */; };
		368F95612608994000542560 /* CityTableViewCell.swift in Sources */ = {isa = PBXBuildFile; fileRef = 368F95602608994000542560 /* CityTableViewCell.swift */; };
		368F95642608A8B000542560 /* ChangeViewController.swift in Sources */ = {isa = PBXBuildFile; fileRef = 368F95632608A8B000542560 /* ChangeViewController.swift */; };
		368F95672608A8D300542560 /* ChangeView.swift in Sources */ = {isa = PBXBuildFile; fileRef = 368F95662608A8D300542560 /* ChangeView.swift */; };
		368F957B260A45B400542560 /* Coordinator.swift in Sources */ = {isa = PBXBuildFile; fileRef = 368F957A260A45B400542560 /* Coordinator.swift */; };
		368F957E260A476400542560 /* MainCoordinator.swift in Sources */ = {isa = PBXBuildFile; fileRef = 368F957D260A476400542560 /* MainCoordinator.swift */; };
		368F9581260A48AE00542560 /* CityCoordinator.swift in Sources */ = {isa = PBXBuildFile; fileRef = 368F9580260A48AE00542560 /* CityCoordinator.swift */; };
		368F9585260A6E8100542560 /* ChangeCoordinator.swift in Sources */ = {isa = PBXBuildFile; fileRef = 368F9584260A6E8100542560 /* ChangeCoordinator.swift */; };
		36FE0EB1260B57B500711F0E /* CityViewModel.swift in Sources */ = {isa = PBXBuildFile; fileRef = 36FE0EB0260B57B500711F0E /* CityViewModel.swift */; };
		36FE0EB6260B695700711F0E /* RouterProtocol.swift in Sources */ = {isa = PBXBuildFile; fileRef = 36FE0EB5260B695700711F0E /* RouterProtocol.swift */; };
		36FE0EB9260B697000711F0E /* Router.swift in Sources */ = {isa = PBXBuildFile; fileRef = 36FE0EB8260B697000711F0E /* Router.swift */; };
		36FE0EBC260B69A900711F0E /* Presentable.swift in Sources */ = {isa = PBXBuildFile; fileRef = 36FE0EBB260B69A900711F0E /* Presentable.swift */; };
/* End PBXBuildFile section */

/* Begin PBXFileReference section */
		368F950A2608528200542560 /* Map.app */ = {isa = PBXFileReference; explicitFileType = wrapper.application; includeInIndex = 0; path = Map.app; sourceTree = BUILT_PRODUCTS_DIR; };
		368F950D2608528200542560 /* AppDelegate.swift */ = {isa = PBXFileReference; lastKnownFileType = sourcecode.swift; path = AppDelegate.swift; sourceTree = "<group>"; };
		368F950F2608528200542560 /* SceneDelegate.swift */ = {isa = PBXFileReference; lastKnownFileType = sourcecode.swift; path = SceneDelegate.swift; sourceTree = "<group>"; };
		368F95112608528200542560 /* ViewController.swift */ = {isa = PBXFileReference; lastKnownFileType = sourcecode.swift; path = ViewController.swift; sourceTree = "<group>"; };
		368F95172608528200542560 /* Map.xcdatamodel */ = {isa = PBXFileReference; lastKnownFileType = wrapper.xcdatamodel; path = Map.xcdatamodel; sourceTree = "<group>"; };
		368F95192608528400542560 /* Assets.xcassets */ = {isa = PBXFileReference; lastKnownFileType = folder.assetcatalog; path = Assets.xcassets; sourceTree = "<group>"; };
		368F951C2608528400542560 /* Base */ = {isa = PBXFileReference; lastKnownFileType = file.storyboard; name = Base; path = Base.lproj/LaunchScreen.storyboard; sourceTree = "<group>"; };
		368F951E2608528400542560 /* Info.plist */ = {isa = PBXFileReference; lastKnownFileType = text.plist.xml; path = Info.plist; sourceTree = "<group>"; };
		368F952B260852E500542560 /* MainViewModel.swift */ = {isa = PBXFileReference; lastKnownFileType = sourcecode.swift; path = MainViewModel.swift; sourceTree = "<group>"; };
		368F952F2608536C00542560 /* MainModel.swift */ = {isa = PBXFileReference; lastKnownFileType = sourcecode.swift; path = MainModel.swift; sourceTree = "<group>"; };
		368F953726085B7500542560 /* MainView.swift */ = {isa = PBXFileReference; lastKnownFileType = sourcecode.swift; path = MainView.swift; sourceTree = "<group>"; };
		368F953B2608618300542560 /* Button.swift */ = {isa = PBXFileReference; lastKnownFileType = sourcecode.swift; path = Button.swift; sourceTree = "<group>"; };
		368F955A2608934100542560 /* CityViewController.swift */ = {isa = PBXFileReference; lastKnownFileType = sourcecode.swift; path = CityViewController.swift; sourceTree = "<group>"; };
		368F955D2608950500542560 /* CityView.swift */ = {isa = PBXFileReference; lastKnownFileType = sourcecode.swift; path = CityView.swift; sourceTree = "<group>"; };
		368F95602608994000542560 /* CityTableViewCell.swift */ = {isa = PBXFileReference; lastKnownFileType = sourcecode.swift; path = CityTableViewCell.swift; sourceTree = "<group>"; };
		368F95632608A8B000542560 /* ChangeViewController.swift */ = {isa = PBXFileReference; lastKnownFileType = sourcecode.swift; path = ChangeViewController.swift; sourceTree = "<group>"; };
		368F95662608A8D300542560 /* ChangeView.swift */ = {isa = PBXFileReference; lastKnownFileType = sourcecode.swift; path = ChangeView.swift; sourceTree = "<group>"; };
		368F957A260A45B400542560 /* Coordinator.swift */ = {isa = PBXFileReference; lastKnownFileType = sourcecode.swift; path = Coordinator.swift; sourceTree = "<group>"; };
		368F957D260A476400542560 /* MainCoordinator.swift */ = {isa = PBXFileReference; lastKnownFileType = sourcecode.swift; path = MainCoordinator.swift; sourceTree = "<group>"; };
		368F9580260A48AE00542560 /* CityCoordinator.swift */ = {isa = PBXFileReference; lastKnownFileType = sourcecode.swift; path = CityCoordinator.swift; sourceTree = "<group>"; };
		368F9584260A6E8100542560 /* ChangeCoordinator.swift */ = {isa = PBXFileReference; lastKnownFileType = sourcecode.swift; path = ChangeCoordinator.swift; sourceTree = "<group>"; };
		36FE0EB0260B57B500711F0E /* CityViewModel.swift */ = {isa = PBXFileReference; lastKnownFileType = sourcecode.swift; path = CityViewModel.swift; sourceTree = "<group>"; };
		36FE0EB5260B695700711F0E /* RouterProtocol.swift */ = {isa = PBXFileReference; lastKnownFileType = sourcecode.swift; path = RouterProtocol.swift; sourceTree = "<group>"; };
		36FE0EB8260B697000711F0E /* Router.swift */ = {isa = PBXFileReference; lastKnownFileType = sourcecode.swift; path = Router.swift; sourceTree = "<group>"; };
		36FE0EBB260B69A900711F0E /* Presentable.swift */ = {isa = PBXFileReference; lastKnownFileType = sourcecode.swift; path = Presentable.swift; sourceTree = "<group>"; };
/* End PBXFileReference section */

/* Begin PBXFrameworksBuildPhase section */
		368F95072608528200542560 /* Frameworks */ = {
			isa = PBXFrameworksBuildPhase;
			buildActionMask = 2147483647;
			files = (
				368F9535260859DA00542560 /* SnapKit in Frameworks */,
			);
			runOnlyForDeploymentPostprocessing = 0;
		};
/* End PBXFrameworksBuildPhase section */

/* Begin PBXGroup section */
		368F95012608528200542560 = {
			isa = PBXGroup;
			children = (
				368F950C2608528200542560 /* Map */,
				368F950B2608528200542560 /* Products */,
			);
			sourceTree = "<group>";
		};
		368F950B2608528200542560 /* Products */ = {
			isa = PBXGroup;
			children = (
				368F950A2608528200542560 /* Map.app */,
			);
			name = Products;
			sourceTree = "<group>";
		};
		368F950C2608528200542560 /* Map */ = {
			isa = PBXGroup;
			children = (
				36FE0EB4260B694600711F0E /* Router */,
				36FE0EAC260B177500711F0E /* Coordnators */,
				368F9528260852B100542560 /* SupportingFiles */,
				368F95692608ACBC00542560 /* MainModule */,
				368F956D2608ACF100542560 /* CityModule */,
				368F95712608AD1600542560 /* ChangeModule */,
				368F951E2608528400542560 /* Info.plist */,
				368F95162608528200542560 /* Map.xcdatamodeld */,
			);
			path = Map;
			sourceTree = "<group>";
		};
		368F9526260852A000542560 /* View */ = {
			isa = PBXGroup;
			children = (
				368F95632608A8B000542560 /* ChangeViewController.swift */,
				368F95662608A8D300542560 /* ChangeView.swift */,
			);
			path = View;
			sourceTree = "<group>";
		};
		368F9528260852B100542560 /* SupportingFiles */ = {
			isa = PBXGroup;
			children = (
				368F950F2608528200542560 /* SceneDelegate.swift */,
				368F950D2608528200542560 /* AppDelegate.swift */,
				368F95192608528400542560 /* Assets.xcassets */,
				368F951B2608528400542560 /* LaunchScreen.storyboard */,
			);
			path = SupportingFiles;
			sourceTree = "<group>";
		};
		368F95692608ACBC00542560 /* MainModule */ = {
			isa = PBXGroup;
			children = (
				368F956C2608ACCD00542560 /* ViewModel */,
				368F956A2608ACC300542560 /* View */,
				368F956B2608ACC800542560 /* Model */,
			);
			path = MainModule;
			sourceTree = "<group>";
		};
		368F956A2608ACC300542560 /* View */ = {
			isa = PBXGroup;
			children = (
				368F95112608528200542560 /* ViewController.swift */,
				368F953726085B7500542560 /* MainView.swift */,
				368F953B2608618300542560 /* Button.swift */,
			);
			path = View;
			sourceTree = "<group>";
		};
		368F956B2608ACC800542560 /* Model */ = {
			isa = PBXGroup;
			children = (
				368F952F2608536C00542560 /* MainModel.swift */,
			);
			path = Model;
			sourceTree = "<group>";
		};
		368F956C2608ACCD00542560 /* ViewModel */ = {
			isa = PBXGroup;
			children = (
				368F952B260852E500542560 /* MainViewModel.swift */,
			);
			path = ViewModel;
			sourceTree = "<group>";
		};
		368F956D2608ACF100542560 /* CityModule */ = {
			isa = PBXGroup;
			children = (
				36FE0EAE260B579B00711F0E /* ViewModel */,
				368F956F2608AD0500542560 /* View */,
			);
			path = CityModule;
			sourceTree = "<group>";
		};
		368F956F2608AD0500542560 /* View */ = {
			isa = PBXGroup;
			children = (
				368F955A2608934100542560 /* CityViewController.swift */,
				368F955D2608950500542560 /* CityView.swift */,
				368F95602608994000542560 /* CityTableViewCell.swift */,
			);
			path = View;
			sourceTree = "<group>";
		};
		368F95712608AD1600542560 /* ChangeModule */ = {
			isa = PBXGroup;
			children = (
				368F9526260852A000542560 /* View */,
			);
			path = ChangeModule;
			sourceTree = "<group>";
		};
		36FE0EAC260B177500711F0E /* Coordnators */ = {
			isa = PBXGroup;
			children = (
				368F957A260A45B400542560 /* Coordinator.swift */,
				368F957D260A476400542560 /* MainCoordinator.swift */,
				368F9580260A48AE00542560 /* CityCoordinator.swift */,
				368F9584260A6E8100542560 /* ChangeCoordinator.swift */,
			);
			path = Coordnators;
			sourceTree = "<group>";
		};
		36FE0EAE260B579B00711F0E /* ViewModel */ = {
			isa = PBXGroup;
			children = (
				36FE0EB0260B57B500711F0E /* CityViewModel.swift */,
			);
			path = ViewModel;
			sourceTree = "<group>";
		};
		36FE0EB4260B694600711F0E /* Router */ = {
			isa = PBXGroup;
			children = (
				36FE0EB5260B695700711F0E /* RouterProtocol.swift */,
				36FE0EB8260B697000711F0E /* Router.swift */,
				36FE0EBB260B69A900711F0E /* Presentable.swift */,
			);
			path = Router;
			sourceTree = "<group>";
		};
/* End PBXGroup section */

/* Begin PBXNativeTarget section */
		368F95092608528200542560 /* Map */ = {
			isa = PBXNativeTarget;
			buildConfigurationList = 368F95212608528400542560 /* Build configuration list for PBXNativeTarget "Map" */;
			buildPhases = (
				368F95062608528200542560 /* Sources */,
				368F95072608528200542560 /* Frameworks */,
				368F95082608528200542560 /* Resources */,
			);
			buildRules = (
			);
			dependencies = (
			);
			name = Map;
			packageProductDependencies = (
				368F9534260859DA00542560 /* SnapKit */,
			);
			productName = Map;
			productReference = 368F950A2608528200542560 /* Map.app */;
			productType = "com.apple.product-type.application";
		};
/* End PBXNativeTarget section */

/* Begin PBXProject section */
		368F95022608528200542560 /* Project object */ = {
			isa = PBXProject;
			attributes = {
				LastSwiftUpdateCheck = 1240;
				LastUpgradeCheck = 1240;
				TargetAttributes = {
					368F95092608528200542560 = {
						CreatedOnToolsVersion = 12.4;
					};
				};
			};
			buildConfigurationList = 368F95052608528200542560 /* Build configuration list for PBXProject "Map" */;
			compatibilityVersion = "Xcode 9.3";
			developmentRegion = en;
			hasScannedForEncodings = 0;
			knownRegions = (
				en,
				Base,
			);
			mainGroup = 368F95012608528200542560;
			packageReferences = (
				368F9533260859DA00542560 /* XCRemoteSwiftPackageReference "SnapKit" */,
			);
			productRefGroup = 368F950B2608528200542560 /* Products */;
			projectDirPath = "";
			projectRoot = "";
			targets = (
				368F95092608528200542560 /* Map */,
			);
		};
/* End PBXProject section */

/* Begin PBXResourcesBuildPhase section */
		368F95082608528200542560 /* Resources */ = {
			isa = PBXResourcesBuildPhase;
			buildActionMask = 2147483647;
			files = (
				368F951D2608528400542560 /* LaunchScreen.storyboard in Resources */,
				368F951A2608528400542560 /* Assets.xcassets in Resources */,
			);
			runOnlyForDeploymentPostprocessing = 0;
		};
/* End PBXResourcesBuildPhase section */

/* Begin PBXSourcesBuildPhase section */
		368F95062608528200542560 /* Sources */ = {
			isa = PBXSourcesBuildPhase;
			buildActionMask = 2147483647;
			files = (
				368F952C260852E500542560 /* MainViewModel.swift in Sources */,
				368F95672608A8D300542560 /* ChangeView.swift in Sources */,
				368F9585260A6E8100542560 /* ChangeCoordinator.swift in Sources */,
				368F955E2608950500542560 /* CityView.swift in Sources */,
				368F953826085B7500542560 /* MainView.swift in Sources */,
				368F95122608528200542560 /* ViewController.swift in Sources */,
				368F953C2608618300542560 /* Button.swift in Sources */,
				36FE0EB6260B695700711F0E /* RouterProtocol.swift in Sources */,
				36FE0EB1260B57B500711F0E /* CityViewModel.swift in Sources */,
				368F957B260A45B400542560 /* Coordinator.swift in Sources */,
				368F950E2608528200542560 /* AppDelegate.swift in Sources */,
				368F95642608A8B000542560 /* ChangeViewController.swift in Sources */,
				36FE0EB9260B697000711F0E /* Router.swift in Sources */,
				368F955B2608934100542560 /* CityViewController.swift in Sources */,
				368F95182608528200542560 /* Map.xcdatamodeld in Sources */,
				368F95102608528200542560 /* SceneDelegate.swift in Sources */,
				368F95302608536C00542560 /* MainModel.swift in Sources */,
				368F9581260A48AE00542560 /* CityCoordinator.swift in Sources */,
				368F957E260A476400542560 /* MainCoordinator.swift in Sources */,
				368F95612608994000542560 /* CityTableViewCell.swift in Sources */,
				36FE0EBC260B69A900711F0E /* Presentable.swift in Sources */,
			);
			runOnlyForDeploymentPostprocessing = 0;
		};
/* End PBXSourcesBuildPhase section */

/* Begin PBXVariantGroup section */
		368F951B2608528400542560 /* LaunchScreen.storyboard */ = {
			isa = PBXVariantGroup;
			children = (
				368F951C2608528400542560 /* Base */,
			);
			name = LaunchScreen.storyboard;
			sourceTree = "<group>";
		};
/* End PBXVariantGroup section */

/* Begin XCBuildConfiguration section */
		368F951F2608528400542560 /* Debug */ = {
			isa = XCBuildConfiguration;
			buildSettings = {
				ALWAYS_SEARCH_USER_PATHS = NO;
				CLANG_ANALYZER_NONNULL = YES;
				CLANG_ANALYZER_NUMBER_OBJECT_CONVERSION = YES_AGGRESSIVE;
				CLANG_CXX_LANGUAGE_STANDARD = "gnu++14";
				CLANG_CXX_LIBRARY = "libc++";
				CLANG_ENABLE_MODULES = YES;
				CLANG_ENABLE_OBJC_ARC = YES;
				CLANG_ENABLE_OBJC_WEAK = YES;
				CLANG_WARN_BLOCK_CAPTURE_AUTORELEASING = YES;
				CLANG_WARN_BOOL_CONVERSION = YES;
				CLANG_WARN_COMMA = YES;
				CLANG_WARN_CONSTANT_CONVERSION = YES;
				CLANG_WARN_DEPRECATED_OBJC_IMPLEMENTATIONS = YES;
				CLANG_WARN_DIRECT_OBJC_ISA_USAGE = YES_ERROR;
				CLANG_WARN_DOCUMENTATION_COMMENTS = YES;
				CLANG_WARN_EMPTY_BODY = YES;
				CLANG_WARN_ENUM_CONVERSION = YES;
				CLANG_WARN_INFINITE_RECURSION = YES;
				CLANG_WARN_INT_CONVERSION = YES;
				CLANG_WARN_NON_LITERAL_NULL_CONVERSION = YES;
				CLANG_WARN_OBJC_IMPLICIT_RETAIN_SELF = YES;
				CLANG_WARN_OBJC_LITERAL_CONVERSION = YES;
				CLANG_WARN_OBJC_ROOT_CLASS = YES_ERROR;
				CLANG_WARN_QUOTED_INCLUDE_IN_FRAMEWORK_HEADER = YES;
				CLANG_WARN_RANGE_LOOP_ANALYSIS = YES;
				CLANG_WARN_STRICT_PROTOTYPES = YES;
				CLANG_WARN_SUSPICIOUS_MOVE = YES;
				CLANG_WARN_UNGUARDED_AVAILABILITY = YES_AGGRESSIVE;
				CLANG_WARN_UNREACHABLE_CODE = YES;
				CLANG_WARN__DUPLICATE_METHOD_MATCH = YES;
				COPY_PHASE_STRIP = NO;
				DEBUG_INFORMATION_FORMAT = dwarf;
				ENABLE_STRICT_OBJC_MSGSEND = YES;
				ENABLE_TESTABILITY = YES;
				GCC_C_LANGUAGE_STANDARD = gnu11;
				GCC_DYNAMIC_NO_PIC = NO;
				GCC_NO_COMMON_BLOCKS = YES;
				GCC_OPTIMIZATION_LEVEL = 0;
				GCC_PREPROCESSOR_DEFINITIONS = (
					"DEBUG=1",
					"$(inherited)",
				);
				GCC_WARN_64_TO_32_BIT_CONVERSION = YES;
				GCC_WARN_ABOUT_RETURN_TYPE = YES_ERROR;
				GCC_WARN_UNDECLARED_SELECTOR = YES;
				GCC_WARN_UNINITIALIZED_AUTOS = YES_AGGRESSIVE;
				GCC_WARN_UNUSED_FUNCTION = YES;
				GCC_WARN_UNUSED_VARIABLE = YES;
				IPHONEOS_DEPLOYMENT_TARGET = 14.4;
				MTL_ENABLE_DEBUG_INFO = INCLUDE_SOURCE;
				MTL_FAST_MATH = YES;
				ONLY_ACTIVE_ARCH = YES;
				SDKROOT = iphoneos;
				SWIFT_ACTIVE_COMPILATION_CONDITIONS = DEBUG;
				SWIFT_OPTIMIZATION_LEVEL = "-Onone";
			};
			name = Debug;
		};
		368F95202608528400542560 /* Release */ = {
			isa = XCBuildConfiguration;
			buildSettings = {
				ALWAYS_SEARCH_USER_PATHS = NO;
				CLANG_ANALYZER_NONNULL = YES;
				CLANG_ANALYZER_NUMBER_OBJECT_CONVERSION = YES_AGGRESSIVE;
				CLANG_CXX_LANGUAGE_STANDARD = "gnu++14";
				CLANG_CXX_LIBRARY = "libc++";
				CLANG_ENABLE_MODULES = YES;
				CLANG_ENABLE_OBJC_ARC = YES;
				CLANG_ENABLE_OBJC_WEAK = YES;
				CLANG_WARN_BLOCK_CAPTURE_AUTORELEASING = YES;
				CLANG_WARN_BOOL_CONVERSION = YES;
				CLANG_WARN_COMMA = YES;
				CLANG_WARN_CONSTANT_CONVERSION = YES;
				CLANG_WARN_DEPRECATED_OBJC_IMPLEMENTATIONS = YES;
				CLANG_WARN_DIRECT_OBJC_ISA_USAGE = YES_ERROR;
				CLANG_WARN_DOCUMENTATION_COMMENTS = YES;
				CLANG_WARN_EMPTY_BODY = YES;
				CLANG_WARN_ENUM_CONVERSION = YES;
				CLANG_WARN_INFINITE_RECURSION = YES;
				CLANG_WARN_INT_CONVERSION = YES;
				CLANG_WARN_NON_LITERAL_NULL_CONVERSION = YES;
				CLANG_WARN_OBJC_IMPLICIT_RETAIN_SELF = YES;
				CLANG_WARN_OBJC_LITERAL_CONVERSION = YES;
				CLANG_WARN_OBJC_ROOT_CLASS = YES_ERROR;
				CLANG_WARN_QUOTED_INCLUDE_IN_FRAMEWORK_HEADER = YES;
				CLANG_WARN_RANGE_LOOP_ANALYSIS = YES;
				CLANG_WARN_STRICT_PROTOTYPES = YES;
				CLANG_WARN_SUSPICIOUS_MOVE = YES;
				CLANG_WARN_UNGUARDED_AVAILABILITY = YES_AGGRESSIVE;
				CLANG_WARN_UNREACHABLE_CODE = YES;
				CLANG_WARN__DUPLICATE_METHOD_MATCH = YES;
				COPY_PHASE_STRIP = NO;
				DEBUG_INFORMATION_FORMAT = "dwarf-with-dsym";
				ENABLE_NS_ASSERTIONS = NO;
				ENABLE_STRICT_OBJC_MSGSEND = YES;
				GCC_C_LANGUAGE_STANDARD = gnu11;
				GCC_NO_COMMON_BLOCKS = YES;
				GCC_WARN_64_TO_32_BIT_CONVERSION = YES;
				GCC_WARN_ABOUT_RETURN_TYPE = YES_ERROR;
				GCC_WARN_UNDECLARED_SELECTOR = YES;
				GCC_WARN_UNINITIALIZED_AUTOS = YES_AGGRESSIVE;
				GCC_WARN_UNUSED_FUNCTION = YES;
				GCC_WARN_UNUSED_VARIABLE = YES;
				IPHONEOS_DEPLOYMENT_TARGET = 14.4;
				MTL_ENABLE_DEBUG_INFO = NO;
				MTL_FAST_MATH = YES;
				SDKROOT = iphoneos;
				SWIFT_COMPILATION_MODE = wholemodule;
				SWIFT_OPTIMIZATION_LEVEL = "-O";
				VALIDATE_PRODUCT = YES;
			};
			name = Release;
		};
		368F95222608528400542560 /* Debug */ = {
			isa = XCBuildConfiguration;
			buildSettings = {
				ASSETCATALOG_COMPILER_APPICON_NAME = AppIcon;
				ASSETCATALOG_COMPILER_GLOBAL_ACCENT_COLOR_NAME = AccentColor;
				CODE_SIGN_STYLE = Automatic;
				DEVELOPMENT_TEAM = DX65PMA448;
				INFOPLIST_FILE = Map/Info.plist;
				LD_RUNPATH_SEARCH_PATHS = (
					"$(inherited)",
					"@executable_path/Frameworks",
				);
				PRODUCT_BUNDLE_IDENTIFIER = com.dina.Map;
				PRODUCT_NAME = "$(TARGET_NAME)";
				SWIFT_VERSION = 5.0;
				TARGETED_DEVICE_FAMILY = "1,2";
			};
			name = Debug;
		};
		368F95232608528400542560 /* Release */ = {
			isa = XCBuildConfiguration;
			buildSettings = {
				ASSETCATALOG_COMPILER_APPICON_NAME = AppIcon;
				ASSETCATALOG_COMPILER_GLOBAL_ACCENT_COLOR_NAME = AccentColor;
				CODE_SIGN_STYLE = Automatic;
				DEVELOPMENT_TEAM = DX65PMA448;
				INFOPLIST_FILE = Map/Info.plist;
				LD_RUNPATH_SEARCH_PATHS = (
					"$(inherited)",
					"@executable_path/Frameworks",
				);
				PRODUCT_BUNDLE_IDENTIFIER = com.dina.Map;
				PRODUCT_NAME = "$(TARGET_NAME)";
				SWIFT_VERSION = 5.0;
				TARGETED_DEVICE_FAMILY = "1,2";
			};
			name = Release;
		};
/* End XCBuildConfiguration section */

/* Begin XCConfigurationList section */
		368F95052608528200542560 /* Build configuration list for PBXProject "Map" */ = {
			isa = XCConfigurationList;
			buildConfigurations = (
				368F951F2608528400542560 /* Debug */,
				368F95202608528400542560 /* Release */,
			);
			defaultConfigurationIsVisible = 0;
			defaultConfigurationName = Release;
		};
		368F95212608528400542560 /* Build configuration list for PBXNativeTarget "Map" */ = {
			isa = XCConfigurationList;
			buildConfigurations = (
				368F95222608528400542560 /* Debug */,
				368F95232608528400542560 /* Release */,
			);
			defaultConfigurationIsVisible = 0;
			defaultConfigurationName = Release;
		};
/* End XCConfigurationList section */

/* Begin XCRemoteSwiftPackageReference section */
		368F9533260859DA00542560 /* XCRemoteSwiftPackageReference "SnapKit" */ = {
			isa = XCRemoteSwiftPackageReference;
			repositoryURL = "https://github.com/SnapKit/SnapKit.git";
			requirement = {
				kind = upToNextMajorVersion;
				minimumVersion = 5.0.1;
			};
		};
/* End XCRemoteSwiftPackageReference section */

/* Begin XCSwiftPackageProductDependency section */
		368F9534260859DA00542560 /* SnapKit */ = {
			isa = XCSwiftPackageProductDependency;
			package = 368F9533260859DA00542560 /* XCRemoteSwiftPackageReference "SnapKit" */;
			productName = SnapKit;
		};
/* End XCSwiftPackageProductDependency section */

/* Begin XCVersionGroup section */
		368F95162608528200542560 /* Map.xcdatamodeld */ = {
			isa = XCVersionGroup;
			children = (
				368F95172608528200542560 /* Map.xcdatamodel */,
			);
			currentVersion = 368F95172608528200542560 /* Map.xcdatamodel */;
			path = Map.xcdatamodeld;
			sourceTree = "<group>";
			versionGroupType = wrapper.xcdatamodel;
		};
/* End XCVersionGroup section */
	};
	rootObject = 368F95022608528200542560 /* Project object */;
}
